
Microsoft Visual Studio Solution File, Format Version 12.00
# Visual Studio Version 17
VisualStudioVersion = 17.0.31919.166
MinimumVisualStudioVersion = 10.0.40219.1
Project("{dc043168-22e2-49c1-b330-0c08d68bc53a}") = "Макрос - PTS Документы. Создание документов с шаблоном файла", "Макрос - PTS Документы. Создание документов с шаблоном файла.csproj", "{7FAA5B4D-B030-4D07-A347-7C082993E2BA}"
EndProject
Global
	GlobalSection(SolutionConfigurationPlatforms) = preSolution
		Debug|Any CPU = Debug|Any CPU
		Release|Any CPU = Release|Any CPU
	EndGlobalSection
	GlobalSection(ProjectConfigurationPlatforms) = postSolution
		{7FAA5B4D-B030-4D07-A347-7C082993E2BA}.Debug|Any CPU.ActiveCfg = Debug|Any CPU
		{7FAA5B4D-B030-4D07-A347-7C082993E2BA}.Debug|Any CPU.Build.0 = Debug|Any CPU
		{7FAA5B4D-B030-4D07-A347-7C082993E2BA}.Release|Any CPU.ActiveCfg = Release|Any CPU
		{7FAA5B4D-B030-4D07-A347-7C082993E2BA}.Release|Any CPU.Build.0 = Release|Any CPU
	EndGlobalSection
	GlobalSection(SolutionProperties) = preSolution
		HideSolutionNode = FALSE
	EndGlobalSection
	GlobalSection(ExtensibilityGlobals) = postSolution
		SolutionGuid = {73D752D6-BCD8-420C-81AD-83DD2C3729BB}
	EndGlobalSection
EndGlobal
